
Microsoft Visual Studio Solution File, Format Version 12.00
# Visual Studio Version 17
VisualStudioVersion = 17.3.32825.248
MinimumVisualStudioVersion = 10.0.40219.1
Project("{2150E333-8FDC-42A3-9474-1A3956D46DE8}") = "Tests", "Tests", "{9F3E771D-1AEE-48B7-A5CC-33BEFA54CB11}"
EndProject
Project("{2150E333-8FDC-42A3-9474-1A3956D46DE8}") = "SqlScripts", "SqlScripts", "{2554701D-1E80-453E-B5F0-7D7A8D6BB256}"
	ProjectSection(SolutionItems) = preProject
		SqlScripts\GenerateUnits.txt = SqlScripts\GenerateUnits.txt
	EndProjectSection
EndProject
Project("{2150E333-8FDC-42A3-9474-1A3956D46DE8}") = "Solution Items", "Solution Items", "{FA2C422A-B5E1-49DA-9E55-A9F651689C47}"
EndProject
Project("{9A19103F-16F7-4668-BE54-9A1E7A4F7556}") = "WorldWar.Core.Tests", "Tests\WorldWar.Core.Tests\WorldWar.Core.Tests.csproj", "{F021F81E-C5AB-4C64-BB67-1158EAF2C253}"
EndProject
Project("{9A19103F-16F7-4668-BE54-9A1E7A4F7556}") = "WorldWar.YandexClient.Tests", "Tests\WorldWar.YandexClient.Tests\WorldWar.YandexClient.Tests.csproj", "{702C6C73-AA37-45A8-B00D-70475B29AD54}"
EndProject
Project("{2150E333-8FDC-42A3-9474-1A3956D46DE8}") = "Sources", "Sources", "{688EF624-17F7-4AA6-8F0C-EC6842634BFF}"
EndProject
Project("{9A19103F-16F7-4668-BE54-9A1E7A4F7556}") = "WorldWar", "Sources\WorldWar\WorldWar.csproj", "{CF4D21F7-FBA5-4B25-AF48-E538D4D72F24}"
EndProject
Project("{9A19103F-16F7-4668-BE54-9A1E7A4F7556}") = "WorldWar.Abstractions", "Sources\WorldWar.Abstractions\WorldWar.Abstractions.csproj", "{AB94F9C7-B170-4F9E-A4F1-0765C2415ED8}"
EndProject
Project("{9A19103F-16F7-4668-BE54-9A1E7A4F7556}") = "WorldWar.AI", "Sources\WorldWar.AI\WorldWar.AI.csproj", "{31A3199E-C36E-4119-A1AC-2C20305CAF33}"
EndProject
Project("{9A19103F-16F7-4668-BE54-9A1E7A4F7556}") = "WorldWar.Core", "Sources\WorldWar.Core\WorldWar.Core.csproj", "{AF868614-CD53-4B97-84DC-DD36BCDC5138}"
EndProject
Project("{9A19103F-16F7-4668-BE54-9A1E7A4F7556}") = "WorldWar.Repository", "Sources\WorldWar.Repository\WorldWar.Repository.csproj", "{F04BAF17-CD4B-45DE-B05F-347A30B5B1E0}"
EndProject
Project("{9A19103F-16F7-4668-BE54-9A1E7A4F7556}") = "WorldWar.YandexClient", "Sources\WorldWar.YandexClient\WorldWar.YandexClient.csproj", "{E7AE172D-69AA-4088-989C-A7036B527800}"
EndProject
Global
	GlobalSection(SolutionConfigurationPlatforms) = preSolution
		Debug|Any CPU = Debug|Any CPU
		Release|Any CPU = Release|Any CPU
	EndGlobalSection
	GlobalSection(ProjectConfigurationPlatforms) = postSolution
		{F021F81E-C5AB-4C64-BB67-1158EAF2C253}.Debug|Any CPU.ActiveCfg = Debug|Any CPU
		{F021F81E-C5AB-4C64-BB67-1158EAF2C253}.Debug|Any CPU.Build.0 = Debug|Any CPU
		{F021F81E-C5AB-4C64-BB67-1158EAF2C253}.Release|Any CPU.ActiveCfg = Release|Any CPU
		{F021F81E-C5AB-4C64-BB67-1158EAF2C253}.Release|Any CPU.Build.0 = Release|Any CPU
		{702C6C73-AA37-45A8-B00D-70475B29AD54}.Debug|Any CPU.ActiveCfg = Debug|Any CPU
		{702C6C73-AA37-45A8-B00D-70475B29AD54}.Debug|Any CPU.Build.0 = Debug|Any CPU
		{702C6C73-AA37-45A8-B00D-70475B29AD54}.Release|Any CPU.ActiveCfg = Release|Any CPU
		{702C6C73-AA37-45A8-B00D-70475B29AD54}.Release|Any CPU.Build.0 = Release|Any CPU
		{CF4D21F7-FBA5-4B25-AF48-E538D4D72F24}.Debug|Any CPU.ActiveCfg = Debug|Any CPU
		{CF4D21F7-FBA5-4B25-AF48-E538D4D72F24}.Debug|Any CPU.Build.0 = Debug|Any CPU
		{CF4D21F7-FBA5-4B25-AF48-E538D4D72F24}.Release|Any CPU.ActiveCfg = Release|Any CPU
		{CF4D21F7-FBA5-4B25-AF48-E538D4D72F24}.Release|Any CPU.Build.0 = Release|Any CPU
		{AB94F9C7-B170-4F9E-A4F1-0765C2415ED8}.Debug|Any CPU.ActiveCfg = Debug|Any CPU
		{AB94F9C7-B170-4F9E-A4F1-0765C2415ED8}.Debug|Any CPU.Build.0 = Debug|Any CPU
		{AB94F9C7-B170-4F9E-A4F1-0765C2415ED8}.Release|Any CPU.ActiveCfg = Release|Any CPU
		{AB94F9C7-B170-4F9E-A4F1-0765C2415ED8}.Release|Any CPU.Build.0 = Release|Any CPU
		{31A3199E-C36E-4119-A1AC-2C20305CAF33}.Debug|Any CPU.ActiveCfg = Debug|Any CPU
		{31A3199E-C36E-4119-A1AC-2C20305CAF33}.Debug|Any CPU.Build.0 = Debug|Any CPU
		{31A3199E-C36E-4119-A1AC-2C20305CAF33}.Release|Any CPU.ActiveCfg = Release|Any CPU
		{31A3199E-C36E-4119-A1AC-2C20305CAF33}.Release|Any CPU.Build.0 = Release|Any CPU
		{AF868614-CD53-4B97-84DC-DD36BCDC5138}.Debug|Any CPU.ActiveCfg = Debug|Any CPU
		{AF868614-CD53-4B97-84DC-DD36BCDC5138}.Debug|Any CPU.Build.0 = Debug|Any CPU
		{AF868614-CD53-4B97-84DC-DD36BCDC5138}.Release|Any CPU.ActiveCfg = Release|Any CPU
		{AF868614-CD53-4B97-84DC-DD36BCDC5138}.Release|Any CPU.Build.0 = Release|Any CPU
		{F04BAF17-CD4B-45DE-B05F-347A30B5B1E0}.Debug|Any CPU.ActiveCfg = Debug|Any CPU
		{F04BAF17-CD4B-45DE-B05F-347A30B5B1E0}.Debug|Any CPU.Build.0 = Debug|Any CPU
		{F04BAF17-CD4B-45DE-B05F-347A30B5B1E0}.Release|Any CPU.ActiveCfg = Release|Any CPU
		{F04BAF17-CD4B-45DE-B05F-347A30B5B1E0}.Release|Any CPU.Build.0 = Release|Any CPU
		{E7AE172D-69AA-4088-989C-A7036B527800}.Debug|Any CPU.ActiveCfg = Debug|Any CPU
		{E7AE172D-69AA-4088-989C-A7036B527800}.Debug|Any CPU.Build.0 = Debug|Any CPU
		{E7AE172D-69AA-4088-989C-A7036B527800}.Release|Any CPU.ActiveCfg = Release|Any CPU
		{E7AE172D-69AA-4088-989C-A7036B527800}.Release|Any CPU.Build.0 = Release|Any CPU
	EndGlobalSection
	GlobalSection(SolutionProperties) = preSolution
		HideSolutionNode = FALSE
	EndGlobalSection
	GlobalSection(NestedProjects) = preSolution
		{F021F81E-C5AB-4C64-BB67-1158EAF2C253} = {9F3E771D-1AEE-48B7-A5CC-33BEFA54CB11}
		{702C6C73-AA37-45A8-B00D-70475B29AD54} = {9F3E771D-1AEE-48B7-A5CC-33BEFA54CB11}
		{CF4D21F7-FBA5-4B25-AF48-E538D4D72F24} = {688EF624-17F7-4AA6-8F0C-EC6842634BFF}
		{AB94F9C7-B170-4F9E-A4F1-0765C2415ED8} = {688EF624-17F7-4AA6-8F0C-EC6842634BFF}
		{31A3199E-C36E-4119-A1AC-2C20305CAF33} = {688EF624-17F7-4AA6-8F0C-EC6842634BFF}
		{AF868614-CD53-4B97-84DC-DD36BCDC5138} = {688EF624-17F7-4AA6-8F0C-EC6842634BFF}
		{F04BAF17-CD4B-45DE-B05F-347A30B5B1E0} = {688EF624-17F7-4AA6-8F0C-EC6842634BFF}
		{E7AE172D-69AA-4088-989C-A7036B527800} = {688EF624-17F7-4AA6-8F0C-EC6842634BFF}
	EndGlobalSection
	GlobalSection(ExtensibilityGlobals) = postSolution
		SolutionGuid = {95CADF16-EBEA-4ECC-A068-13BC0D1F090C}
	EndGlobalSection
EndGlobal
